
Microsoft Visual Studio Solution File, Format Version 11.00
# Visual Studio 2010
Project("{FAE04EC0-301F-11D3-BF4B-00C04F79EFBC}") = "oxyplotdrawing", "oxyplotdrawing\oxyplotdrawing.csproj", "{ADD29EC1-9B18-4983-885F-9F54EDDB6894}"
EndProject
Project("{54435603-DBB4-11D2-8724-00A0C9A8B90C}") = "射孔数据画图分析", "Setup2\Setup2.vdproj", "{98AC17C4-51B2-40B5-A02D-26892AA709BC}"
EndProject
Global
	GlobalSection(SolutionConfigurationPlatforms) = preSolution
		Debug|x86 = Debug|x86
		Release|x86 = Release|x86
	EndGlobalSection
	GlobalSection(ProjectConfigurationPlatforms) = postSolution
		{ADD29EC1-9B18-4983-885F-9F54EDDB6894}.Debug|x86.ActiveCfg = Debug|x86
		{ADD29EC1-9B18-4983-885F-9F54EDDB6894}.Debug|x86.Build.0 = Debug|x86
		{ADD29EC1-9B18-4983-885F-9F54EDDB6894}.Release|x86.ActiveCfg = Release|x86
		{ADD29EC1-9B18-4983-885F-9F54EDDB6894}.Release|x86.Build.0 = Release|x86
		{98AC17C4-51B2-40B5-A02D-26892AA709BC}.Debug|x86.ActiveCfg = Debug
		{98AC17C4-51B2-40B5-A02D-26892AA709BC}.Release|x86.ActiveCfg = Release
	EndGlobalSection
	GlobalSection(SolutionProperties) = preSolution
		HideSolutionNode = FALSE
	EndGlobalSection
EndGlobal
